
Microsoft Visual Studio Solution File, Format Version 12.00
# Visual Studio Version 16
VisualStudioVersion = 16.0.31313.79
MinimumVisualStudioVersion = 10.0.40219.1
Project("{FAE04EC0-301F-11D3-BF4B-00C04F79EFBC}") = "Fase2_Project", "Fase2_Project.csproj", "{C4488015-11E6-46C9-B590-F3FEB7722983}"
EndProject
Project("{FAE04EC0-301F-11D3-BF4B-00C04F79EFBC}") = "DataLayer", "..\DataLayer\DataLayer.csproj", "{3B2E44B6-B54B-41C3-A880-5228F51E11CE}"
EndProject
Project("{FAE04EC0-301F-11D3-BF4B-00C04F79EFBC}") = "Model", "..\Model\Model.csproj", "{764F9BCB-6923-4D5F-B6F3-0FE09D311DA3}"
EndProject
Project("{FAE04EC0-301F-11D3-BF4B-00C04F79EFBC}") = "BusinessLayer", "..\BusinessLayer\BusinessLayer.csproj", "{6F4EBCD3-C5B9-4894-98F5-69A55352E7E4}"
EndProject
Project("{FAE04EC0-301F-11D3-BF4B-00C04F79EFBC}") = "EntityFrameworkModel", "..\EntityFrameworkModel\EntityFrameworkModel.csproj", "{6AC01BDA-BF0B-44F0-802E-815F6ADA6CED}"
EndProject
Project("{FAE04EC0-301F-11D3-BF4B-00C04F79EFBC}") = "ModelInterfaces", "..\ModelInterfaces\ModelInterfaces.csproj", "{B1D2B485-9715-4CA3-A97F-C22338B9C4BD}"
EndProject
Global
	GlobalSection(SolutionConfigurationPlatforms) = preSolution
		Debug|Any CPU = Debug|Any CPU
		Release|Any CPU = Release|Any CPU
	EndGlobalSection
	GlobalSection(ProjectConfigurationPlatforms) = postSolution
		{C4488015-11E6-46C9-B590-F3FEB7722983}.Debug|Any CPU.ActiveCfg = Debug|Any CPU
		{C4488015-11E6-46C9-B590-F3FEB7722983}.Debug|Any CPU.Build.0 = Debug|Any CPU
		{C4488015-11E6-46C9-B590-F3FEB7722983}.Release|Any CPU.ActiveCfg = Release|Any CPU
		{C4488015-11E6-46C9-B590-F3FEB7722983}.Release|Any CPU.Build.0 = Release|Any CPU
		{3B2E44B6-B54B-41C3-A880-5228F51E11CE}.Debug|Any CPU.ActiveCfg = Debug|Any CPU
		{3B2E44B6-B54B-41C3-A880-5228F51E11CE}.Debug|Any CPU.Build.0 = Debug|Any CPU
		{3B2E44B6-B54B-41C3-A880-5228F51E11CE}.Release|Any CPU.ActiveCfg = Release|Any CPU
		{3B2E44B6-B54B-41C3-A880-5228F51E11CE}.Release|Any CPU.Build.0 = Release|Any CPU
		{764F9BCB-6923-4D5F-B6F3-0FE09D311DA3}.Debug|Any CPU.ActiveCfg = Debug|Any CPU
		{764F9BCB-6923-4D5F-B6F3-0FE09D311DA3}.Debug|Any CPU.Build.0 = Debug|Any CPU
		{764F9BCB-6923-4D5F-B6F3-0FE09D311DA3}.Release|Any CPU.ActiveCfg = Release|Any CPU
		{764F9BCB-6923-4D5F-B6F3-0FE09D311DA3}.Release|Any CPU.Build.0 = Release|Any CPU
		{6F4EBCD3-C5B9-4894-98F5-69A55352E7E4}.Debug|Any CPU.ActiveCfg = Debug|Any CPU
		{6F4EBCD3-C5B9-4894-98F5-69A55352E7E4}.Debug|Any CPU.Build.0 = Debug|Any CPU
		{6F4EBCD3-C5B9-4894-98F5-69A55352E7E4}.Release|Any CPU.ActiveCfg = Release|Any CPU
		{6F4EBCD3-C5B9-4894-98F5-69A55352E7E4}.Release|Any CPU.Build.0 = Release|Any CPU
		{6AC01BDA-BF0B-44F0-802E-815F6ADA6CED}.Debug|Any CPU.ActiveCfg = Debug|Any CPU
		{6AC01BDA-BF0B-44F0-802E-815F6ADA6CED}.Debug|Any CPU.Build.0 = Debug|Any CPU
		{6AC01BDA-BF0B-44F0-802E-815F6ADA6CED}.Release|Any CPU.ActiveCfg = Release|Any CPU
		{6AC01BDA-BF0B-44F0-802E-815F6ADA6CED}.Release|Any CPU.Build.0 = Release|Any CPU
		{B1D2B485-9715-4CA3-A97F-C22338B9C4BD}.Debug|Any CPU.ActiveCfg = Debug|Any CPU
		{B1D2B485-9715-4CA3-A97F-C22338B9C4BD}.Debug|Any CPU.Build.0 = Debug|Any CPU
		{B1D2B485-9715-4CA3-A97F-C22338B9C4BD}.Release|Any CPU.ActiveCfg = Release|Any CPU
		{B1D2B485-9715-4CA3-A97F-C22338B9C4BD}.Release|Any CPU.Build.0 = Release|Any CPU
	EndGlobalSection
	GlobalSection(SolutionProperties) = preSolution
		HideSolutionNode = FALSE
	EndGlobalSection
	GlobalSection(ExtensibilityGlobals) = postSolution
		SolutionGuid = {BDD5F09F-5E99-42BB-8357-898718D502EF}
	EndGlobalSection
EndGlobal
